
Microsoft Visual Studio Solution File, Format Version 12.00
# Visual Studio Version 17
VisualStudioVersion = 17.7.34031.279
MinimumVisualStudioVersion = 10.0.40219.1
Project("{FAE04EC0-301F-11D3-BF4B-00C04F79EFBC}") = "newtask3", "newtask3\newtask3.csproj", "{BB01B782-37E3-489D-BFC0-8DC1A36E2E71}"
EndProject
Global
	GlobalSection(SolutionConfigurationPlatforms) = preSolution
		Debug|Any CPU = Debug|Any CPU
		Release|Any CPU = Release|Any CPU
	EndGlobalSection
	GlobalSection(ProjectConfigurationPlatforms) = postSolution
		{BB01B782-37E3-489D-BFC0-8DC1A36E2E71}.Debug|Any CPU.ActiveCfg = Debug|Any CPU
		{BB01B782-37E3-489D-BFC0-8DC1A36E2E71}.Debug|Any CPU.Build.0 = Debug|Any CPU
		{BB01B782-37E3-489D-BFC0-8DC1A36E2E71}.Release|Any CPU.ActiveCfg = Release|Any CPU
		{BB01B782-37E3-489D-BFC0-8DC1A36E2E71}.Release|Any CPU.Build.0 = Release|Any CPU
	EndGlobalSection
	GlobalSection(SolutionProperties) = preSolution
		HideSolutionNode = FALSE
	EndGlobalSection
	GlobalSection(ExtensibilityGlobals) = postSolution
		SolutionGuid = {E49FA670-E2AB-420B-8E3B-56EB5E50E0DF}
	EndGlobalSection
EndGlobal
